// !$*UTF8*$!
{
	archiveVersion = 1;
	classes = {
	};
	objectVersion = 46;
	objects = {

/* Begin PBXBuildFile section */
		6467CE891C4FA22F00AD3FE2 /* AppDelegate.swift in Sources */ = {isa = PBXBuildFile; fileRef = 6467CE881C4FA22F00AD3FE2 /* AppDelegate.swift */; };
		6467CE8B1C4FA22F00AD3FE2 /* ViewController.swift in Sources */ = {isa = PBXBuildFile; fileRef = 6467CE8A1C4FA22F00AD3FE2 /* ViewController.swift */; };
		6467CE8E1C4FA22F00AD3FE2 /* Main.storyboard in Resources */ = {isa = PBXBuildFile; fileRef = 6467CE8C1C4FA22F00AD3FE2 /* Main.storyboard */; };
		6467CE901C4FA22F00AD3FE2 /* Assets.xcassets in Resources */ = {isa = PBXBuildFile; fileRef = 6467CE8F1C4FA22F00AD3FE2 /* Assets.xcassets */; };
		6467CE931C4FA22F00AD3FE2 /* LaunchScreen.storyboard in Resources */ = {isa = PBXBuildFile; fileRef = 6467CE911C4FA22F00AD3FE2 /* LaunchScreen.storyboard */; };
/* End PBXBuildFile section */

/* Begin PBXFileReference section */
		6467CE851C4FA22F00AD3FE2 /* Pitch Perfect.app */ = {isa = PBXFileReference; explicitFileType = wrapper.application; includeInIndex = 0; path = "Pitch Perfect.app"; sourceTree = BUILT_PRODUCTS_DIR; };
		6467CE881C4FA22F00AD3FE2 /* AppDelegate.swift */ = {isa = PBXFileReference; lastKnownFileType = sourcecode.swift; path = AppDelegate.swift; sourceTree = "<group>"; };
		6467CE8A1C4FA22F00AD3FE2 /* ViewController.swift */ = {isa = PBXFileReference; lastKnownFileType = sourcecode.swift; path = ViewController.swift; sourceTree = "<group>"; };
		6467CE8D1C4FA22F00AD3FE2 /* Base */ = {isa = PBXFileReference; lastKnownFileType = file.storyboard; name = Base; path = Base.lproj/Main.storyboard; sourceTree = "<group>"; };
		6467CE8F1C4FA22F00AD3FE2 /* Assets.xcassets */ = {isa = PBXFileReference; lastKnownFileType = folder.assetcatalog; path = Assets.xcassets; sourceTree = "<group>"; };
		6467CE921C4FA22F00AD3FE2 /* Base */ = {isa = PBXFileReference; lastKnownFileType = file.storyboard; name = Base; path = Base.lproj/LaunchScreen.storyboard; sourceTree = "<group>"; };
		6467CE941C4FA22F00AD3FE2 /* Info.plist */ = {isa = PBXFileReference; lastKnownFileType = text.plist.xml; path = Info.plist; sourceTree = "<group>"; };
/* End PBXFileReference section */

/* Begin PBXFrameworksBuildPhase section */
		6467CE821C4FA22F00AD3FE2 /* Frameworks */ = {
			isa = PBXFrameworksBuildPhase;
			buildActionMask = 2147483647;
			files = (
			);
			runOnlyForDeploymentPostprocessing = 0;
		};
/* End PBXFrameworksBuildPhase section */

/* Begin PBXGroup section */
		6467CE7C1C4FA22F00AD3FE2 = {
			isa = PBXGroup;
			children = (
				6467CE871C4FA22F00AD3FE2 /* Pitch Perfect */,
				6467CE861C4FA22F00AD3FE2 /* Products */,
			);
			sourceTree = "<group>";
		};
		6467CE861C4FA22F00AD3FE2 /* Products */ = {
			isa = PBXGroup;
			children = (
				6467CE851C4FA22F00AD3FE2 /* Pitch Perfect.app */,
			);
			name = Products;
			sourceTree = "<group>";
		};
		6467CE871C4FA22F00AD3FE2 /* Pitch Perfect */ = {
			isa = PBXGroup;
			children = (
				6467CE881C4FA22F00AD3FE2 /* AppDelegate.swift */,
				6467CE8A1C4FA22F00AD3FE2 /* ViewController.swift */,
				6467CE8C1C4FA22F00AD3FE2 /* Main.storyboard */,
				6467CE8F1C4FA22F00AD3FE2 /* Assets.xcassets */,
				6467CE911C4FA22F00AD3FE2 /* LaunchScreen.storyboard */,
				6467CE941C4FA22F00AD3FE2 /* Info.plist */,
			);
			path = "Pitch Perfect";
			sourceTree = "<group>";
		};
/* End PBXGroup section */

/* Begin PBXNativeTarget section */
		6467CE841C4FA22F00AD3FE2 /* Pitch Perfect */ = {
			isa = PBXNativeTarget;
			buildConfigurationList = 6467CE971C4FA22F00AD3FE2 /* Build configuration list for PBXNativeTarget "Pitch Perfect" */;
			buildPhases = (
				6467CE811C4FA22F00AD3FE2 /* Sources */,
				6467CE821C4FA22F00AD3FE2 /* Frameworks */,
				6467CE831C4FA22F00AD3FE2 /* Resources */,
			);
			buildRules = (
			);
			dependencies = (
			);
			name = "Pitch Perfect";
			productName = "Pitch Perfect";
			productReference = 6467CE851C4FA22F00AD3FE2 /* Pitch Perfect.app */;
			productType = "com.apple.product-type.application";
		};
/* End PBXNativeTarget section */

/* Begin PBXProject section */
		6467CE7D1C4FA22F00AD3FE2 /* Project object */ = {
			isa = PBXProject;
			attributes = {
				LastSwiftUpdateCheck = 0710;
				LastUpgradeCheck = 0710;
				ORGANIZATIONNAME = AuroraInterplay;
				TargetAttributes = {
					6467CE841C4FA22F00AD3FE2 = {
						CreatedOnToolsVersion = 7.1;
					};
				};
			};
			buildConfigurationList = 6467CE801C4FA22F00AD3FE2 /* Build configuration list for PBXProject "Pitch Perfect" */;
			compatibilityVersion = "Xcode 3.2";
			developmentRegion = English;
			hasScannedForEncodings = 0;
			knownRegions = (
				en,
				Base,
			);
			mainGroup = 6467CE7C1C4FA22F00AD3FE2;
			productRefGroup = 6467CE861C4FA22F00AD3FE2 /* Products */;
			projectDirPath = "";
			projectRoot = "";
			targets = (
				6467CE841C4FA22F00AD3FE2 /* Pitch Perfect */,
			);
		};
/* End PBXProject section */

/* Begin PBXResourcesBuildPhase section */
		6467CE831C4FA22F00AD3FE2 /* Resources */ = {
			isa = PBXResourcesBuildPhase;
			buildActionMask = 2147483647;
			files = (
				6467CE931C4FA22F00AD3FE2 /* LaunchScreen.storyboard in Resources */,
				6467CE901C4FA22F00AD3FE2 /* Assets.xcassets in Resources */,
				6467CE8E1C4FA22F00AD3FE2 /* Main.storyboard in Resources */,
			);
			runOnlyForDeploymentPostprocessing = 0;
		};
/* End PBXResourcesBuildPhase section */

/* Begin PBXSourcesBuildPhase section */
		6467CE811C4FA22F00AD3FE2 /* Sources */ = {
			isa = PBXSourcesBuildPhase;
			buildActionMask = 2147483647;
			files = (
				6467CE8B1C4FA22F00AD3FE2 /* ViewController.swift in Sources */,
				6467CE891C4FA22F00AD3FE2 /* AppDelegate.swift in Sources */,
			);
			runOnlyForDeploymentPostprocessing = 0;
		};
/* End PBXSourcesBuildPhase section */

/* Begin PBXVariantGroup section */
		6467CE8C1C4FA22F00AD3FE2 /* Main.storyboard */ = {
			isa = PBXVariantGroup;
			children = (
				6467CE8D1C4FA22F00AD3FE2 /* Base */,
			);
			name = Main.storyboard;
			sourceTree = "<group>";
		};
		6467CE911C4FA22F00AD3FE2 /* LaunchScreen.storyboard */ = {
			isa = PBXVariantGroup;
			children = (
				6467CE921C4FA22F00AD3FE2 /* Base */,
			);
			name = LaunchScreen.storyboard;
			sourceTree = "<group>";
		};
/* End PBXVariantGroup section */

/* Begin XCBuildConfiguration section */
		6467CE951C4FA22F00AD3FE2 /* Debug */ = {
			isa = XCBuildConfiguration;
			buildSettings = {
				ALWAYS_SEARCH_USER_PATHS = NO;
				CLANG_CXX_LANGUAGE_STANDARD = "gnu++0x";
				CLANG_CXX_LIBRARY = "libc++";
				CLANG_ENABLE_MODULES = YES;
				CLANG_ENABLE_OBJC_ARC = YES;
				CLANG_WARN_BOOL_CONVERSION = YES;
				CLANG_WARN_CONSTANT_CONVERSION = YES;
				CLANG_WARN_DIRECT_OBJC_ISA_USAGE = YES_ERROR;
				CLANG_WARN_EMPTY_BODY = YES;
				CLANG_WARN_ENUM_CONVERSION = YES;
				CLANG_WARN_INT_CONVERSION = YES;
				CLANG_WARN_OBJC_ROOT_CLASS = YES_ERROR;
				CLANG_WARN_UNREACHABLE_CODE = YES;
				CLANG_WARN__DUPLICATE_METHOD_MATCH = YES;
				"CODE_SIGN_IDENTITY[sdk=iphoneos*]" = "iPhone Developer";
				COPY_PHASE_STRIP = NO;
				DEBUG_INFORMATION_FORMAT = dwarf;
				ENABLE_STRICT_OBJC_MSGSEND = YES;
				ENABLE_TESTABILITY = YES;
				GCC_C_LANGUAGE_STANDARD = gnu99;
				GCC_DYNAMIC_NO_PIC = NO;
				GCC_NO_COMMON_BLOCKS = YES;
				GCC_OPTIMIZATION_LEVEL = 0;
				GCC_PREPROCESSOR_DEFINITIONS = (
					"DEBUG=1",
					"$(inherited)",
				);
				GCC_WARN_64_TO_32_BIT_CONVERSION = YES;
				GCC_WARN_ABOUT_RETURN_TYPE = YES_ERROR;
				GCC_WARN_UNDECLARED_SELECTOR = YES;
				GCC_WARN_UNINITIALIZED_AUTOS = YES_AGGRESSIVE;
				GCC_WARN_UNUSED_FUNCTION = YES;
				GCC_WARN_UNUSED_VARIABLE = YES;
				IPHONEOS_DEPLOYMENT_TARGET = 9.1;
				MTL_ENABLE_DEBUG_INFO = YES;
				ONLY_ACTIVE_ARCH = YES;
				SDKROOT = iphoneos;
				SWIFT_OPTIMIZATION_LEVEL = "-Onone";
			};
			name = Debug;
		};
		6467CE961C4FA22F00AD3FE2 /* Release */ = {
			isa = XCBuildConfiguration;
			buildSettings = {
				ALWAYS_SEARCH_USER_PATHS = NO;
				CLANG_CXX_LANGUAGE_STANDARD = "gnu++0x";
				CLANG_CXX_LIBRARY = "libc++";
				CLANG_ENABLE_MODULES = YES;
				CLANG_ENABLE_OBJC_ARC = YES;
				CLANG_WARN_BOOL_CONVERSION = YES;
				CLANG_WARN_CONSTANT_CONVERSION = YES;
				CLANG_WARN_DIRECT_OBJC_ISA_USAGE = YES_ERROR;
				CLANG_WARN_EMPTY_BODY = YES;
				CLANG_WARN_ENUM_CONVERSION = YES;
				CLANG_WARN_INT_CONVERSION = YES;
				CLANG_WARN_OBJC_ROOT_CLASS = YES_ERROR;
				CLANG_WARN_UNREACHABLE_CODE = YES;
				CLANG_WARN__DUPLICATE_METHOD_MATCH = YES;
				"CODE_SIGN_IDENTITY[sdk=iphoneos*]" = "iPhone Developer";
				COPY_PHASE_STRIP = NO;
				DEBUG_INFORMATION_FORMAT = "dwarf-with-dsym";
				ENABLE_NS_ASSERTIONS = NO;
				ENABLE_STRICT_OBJC_MSGSEND = YES;
				GCC_C_LANGUAGE_STANDARD = gnu99;
				GCC_NO_COMMON_BLOCKS = YES;
				GCC_WARN_64_TO_32_BIT_CONVERSION = YES;
				GCC_WARN_ABOUT_RETURN_TYPE = YES_ERROR;
				GCC_WARN_UNDECLARED_SELECTOR = YES;
				GCC_WARN_UNINITIALIZED_AUTOS = YES_AGGRESSIVE;
				GCC_WARN_UNUSED_FUNCTION = YES;
				GCC_WARN_UNUSED_VARIABLE = YES;
				IPHONEOS_DEPLOYMENT_TARGET = 9.1;
				MTL_ENABLE_DEBUG_INFO = NO;
				SDKROOT = iphoneos;
				VALIDATE_PRODUCT = YES;
			};
			name = Release;
		};
		6467CE981C4FA22F00AD3FE2 /* Debug */ = {
			isa = XCBuildConfiguration;
			buildSettings = {
				ASSETCATALOG_COMPILER_APPICON_NAME = AppIcon;
				INFOPLIST_FILE = "Pitch Perfect/Info.plist";
				LD_RUNPATH_SEARCH_PATHS = "$(inherited) @executable_path/Frameworks";
				PRODUCT_BUNDLE_IDENTIFIER = "AM.Pitch-Perfect";
				PRODUCT_NAME = "$(TARGET_NAME)";
			};
			name = Debug;
		};
		6467CE991C4FA22F00AD3FE2 /* Release */ = {
			isa = XCBuildConfiguration;
			buildSettings = {
				ASSETCATALOG_COMPILER_APPICON_NAME = AppIcon;
				INFOPLIST_FILE = "Pitch Perfect/Info.plist";
				LD_RUNPATH_SEARCH_PATHS = "$(inherited) @executable_path/Frameworks";
				PRODUCT_BUNDLE_IDENTIFIER = "AM.Pitch-Perfect";
				PRODUCT_NAME = "$(TARGET_NAME)";
			};
			name = Release;
		};
/* End XCBuildConfiguration section */

/* Begin XCConfigurationList section */
		6467CE801C4FA22F00AD3FE2 /* Build configuration list for PBXProject "Pitch Perfect" */ = {
			isa = XCConfigurationList;
			buildConfigurations = (
				6467CE951C4FA22F00AD3FE2 /* Debug */,
				6467CE961C4FA22F00AD3FE2 /* Release */,
			);
			defaultConfigurationIsVisible = 0;
			defaultConfigurationName = Release;
		};
		6467CE971C4FA22F00AD3FE2 /* Build configuration list for PBXNativeTarget "Pitch Perfect" */ = {
			isa = XCConfigurationList;
			buildConfigurations = (
				6467CE981C4FA22F00AD3FE2 /* Debug */,
				6467CE991C4FA22F00AD3FE2 /* Release */,
			);
			defaultConfigurationIsVisible = 0;
		};
/* End XCConfigurationList section */
	};
	rootObject = 6467CE7D1C4FA22F00AD3FE2 /* Project object */;
}
